
Microsoft Visual Studio Solution File, Format Version 12.00
# Visual Studio Version 17
VisualStudioVersion = 17.6.33829.357
MinimumVisualStudioVersion = 10.0.40219.1
Project("{9A19103F-16F7-4668-BE54-9A1E7A4F7556}") = "PresentationLayer", "Presentation\PresentationLayer.csproj", "{0EB13D33-C6EE-4DB6-98CC-E92CFD0C5D09}"
EndProject
Project("{9A19103F-16F7-4668-BE54-9A1E7A4F7556}") = "DataAccess", "DataAccessLayer\DataAccess.csproj", "{2194A25B-1452-45B4-B55E-4F5695604158}"
EndProject
Project("{9A19103F-16F7-4668-BE54-9A1E7A4F7556}") = "EntityLayer", "Entity\EntityLayer.csproj", "{36B4EC74-3AC0-4436-A1FF-669B953FD223}"
EndProject
Global
	GlobalSection(SolutionConfigurationPlatforms) = preSolution
		Debug|Any CPU = Debug|Any CPU
		Release|Any CPU = Release|Any CPU
	EndGlobalSection
	GlobalSection(ProjectConfigurationPlatforms) = postSolution
		{0EB13D33-C6EE-4DB6-98CC-E92CFD0C5D09}.Debug|Any CPU.ActiveCfg = Debug|Any CPU
		{0EB13D33-C6EE-4DB6-98CC-E92CFD0C5D09}.Debug|Any CPU.Build.0 = Debug|Any CPU
		{0EB13D33-C6EE-4DB6-98CC-E92CFD0C5D09}.Release|Any CPU.ActiveCfg = Release|Any CPU
		{0EB13D33-C6EE-4DB6-98CC-E92CFD0C5D09}.Release|Any CPU.Build.0 = Release|Any CPU
		{2194A25B-1452-45B4-B55E-4F5695604158}.Debug|Any CPU.ActiveCfg = Debug|Any CPU
		{2194A25B-1452-45B4-B55E-4F5695604158}.Debug|Any CPU.Build.0 = Debug|Any CPU
		{2194A25B-1452-45B4-B55E-4F5695604158}.Release|Any CPU.ActiveCfg = Release|Any CPU
		{2194A25B-1452-45B4-B55E-4F5695604158}.Release|Any CPU.Build.0 = Release|Any CPU
		{36B4EC74-3AC0-4436-A1FF-669B953FD223}.Debug|Any CPU.ActiveCfg = Debug|Any CPU
		{36B4EC74-3AC0-4436-A1FF-669B953FD223}.Debug|Any CPU.Build.0 = Debug|Any CPU
		{36B4EC74-3AC0-4436-A1FF-669B953FD223}.Release|Any CPU.ActiveCfg = Release|Any CPU
		{36B4EC74-3AC0-4436-A1FF-669B953FD223}.Release|Any CPU.Build.0 = Release|Any CPU
	EndGlobalSection
	GlobalSection(SolutionProperties) = preSolution
		HideSolutionNode = FALSE
	EndGlobalSection
	GlobalSection(ExtensibilityGlobals) = postSolution
		SolutionGuid = {98242880-1C6D-4003-A139-58D9B44610C6}
	EndGlobalSection
EndGlobal
